// !$*UTF8*$!
{
	archiveVersion = 1;
	classes = {
	};
	objectVersion = 50;
	objects = {

/* Begin PBXBuildFile section */
		BB0613152289F90400F9160A /* NewsList.swift in Sources */ = {isa = PBXBuildFile; fileRef = BB0613142289F90400F9160A /* NewsList.swift */; };
		BB0D97C722895F1C0005BA56 /* Article.swift in Sources */ = {isa = PBXBuildFile; fileRef = BB0D97C622895F1C0005BA56 /* Article.swift */; };
		BB0D97C9228960190005BA56 /* API.swift in Sources */ = {isa = PBXBuildFile; fileRef = BB0D97C8228960190005BA56 /* API.swift */; };
		BBCC1D2B22895CCC00D26CD6 /* AppDelegate.swift in Sources */ = {isa = PBXBuildFile; fileRef = BBCC1D2A22895CCC00D26CD6 /* AppDelegate.swift */; };
		BBCC1D2D22895CCC00D26CD6 /* MasterViewController.swift in Sources */ = {isa = PBXBuildFile; fileRef = BBCC1D2C22895CCC00D26CD6 /* MasterViewController.swift */; };
		BBCC1D2F22895CCC00D26CD6 /* DetailViewController.swift in Sources */ = {isa = PBXBuildFile; fileRef = BBCC1D2E22895CCC00D26CD6 /* DetailViewController.swift */; };
		BBCC1D3222895CCC00D26CD6 /* Main.storyboard in Resources */ = {isa = PBXBuildFile; fileRef = BBCC1D3022895CCC00D26CD6 /* Main.storyboard */; };
		BBCC1D3422895CCC00D26CD6 /* Assets.xcassets in Resources */ = {isa = PBXBuildFile; fileRef = BBCC1D3322895CCC00D26CD6 /* Assets.xcassets */; };
		BBCC1D3722895CCC00D26CD6 /* LaunchScreen.storyboard in Resources */ = {isa = PBXBuildFile; fileRef = BBCC1D3522895CCC00D26CD6 /* LaunchScreen.storyboard */; };
		BBCC1D4222895CCD00D26CD6 /* NewsTests.swift in Sources */ = {isa = PBXBuildFile; fileRef = BBCC1D4122895CCD00D26CD6 /* NewsTests.swift */; };
		BBCC1D4D22895DFF00D26CD6 /* Alamofire+Helpers.swift in Sources */ = {isa = PBXBuildFile; fileRef = BBCC1D4C22895DFF00D26CD6 /* Alamofire+Helpers.swift */; };
		BBCC1D4E22895E6A00D26CD6 /* Alamofire+Helpers.swift in Sources */ = {isa = PBXBuildFile; fileRef = BBCC1D4C22895DFF00D26CD6 /* Alamofire+Helpers.swift */; };
		C499CCD26B56C4183FA65E44 /* Pods_NewsTests.framework in Frameworks */ = {isa = PBXBuildFile; fileRef = 1BB9B3B5DF83C7F6C1D3679E /* Pods_NewsTests.framework */; };
		D0F817C36AD2A21EE86F70DA /* Pods_News.framework in Frameworks */ = {isa = PBXBuildFile; fileRef = 080683C40AD42E884C481AF8 /* Pods_News.framework */; };
/* End PBXBuildFile section */

/* Begin PBXContainerItemProxy section */
		BBCC1D3E22895CCD00D26CD6 /* PBXContainerItemProxy */ = {
			isa = PBXContainerItemProxy;
			containerPortal = BBCC1D1F22895CCC00D26CD6 /* Project object */;
			proxyType = 1;
			remoteGlobalIDString = BBCC1D2622895CCC00D26CD6;
			remoteInfo = News;
		};
/* End PBXContainerItemProxy section */

/* Begin PBXFileReference section */
		080683C40AD42E884C481AF8 /* Pods_News.framework */ = {isa = PBXFileReference; explicitFileType = wrapper.framework; includeInIndex = 0; path = Pods_News.framework; sourceTree = BUILT_PRODUCTS_DIR; };
		1BB9B3B5DF83C7F6C1D3679E /* Pods_NewsTests.framework */ = {isa = PBXFileReference; explicitFileType = wrapper.framework; includeInIndex = 0; path = Pods_NewsTests.framework; sourceTree = BUILT_PRODUCTS_DIR; };
		6279408E825BE7B19E3C0ABC /* Pods-NewsTests.release.xcconfig */ = {isa = PBXFileReference; includeInIndex = 1; lastKnownFileType = text.xcconfig; name = "Pods-NewsTests.release.xcconfig"; path = "Target Support Files/Pods-NewsTests/Pods-NewsTests.release.xcconfig"; sourceTree = "<group>"; };
		A639BB4162F7FB1CBB219879 /* Pods-News.debug.xcconfig */ = {isa = PBXFileReference; includeInIndex = 1; lastKnownFileType = text.xcconfig; name = "Pods-News.debug.xcconfig"; path = "Target Support Files/Pods-News/Pods-News.debug.xcconfig"; sourceTree = "<group>"; };
		B16FEE74355C0FD1D632465E /* Pods-NewsTests.debug.xcconfig */ = {isa = PBXFileReference; includeInIndex = 1; lastKnownFileType = text.xcconfig; name = "Pods-NewsTests.debug.xcconfig"; path = "Target Support Files/Pods-NewsTests/Pods-NewsTests.debug.xcconfig"; sourceTree = "<group>"; };
		BB0613142289F90400F9160A /* NewsList.swift */ = {isa = PBXFileReference; lastKnownFileType = sourcecode.swift; path = NewsList.swift; sourceTree = "<group>"; };
		BB0D97C622895F1C0005BA56 /* Article.swift */ = {isa = PBXFileReference; lastKnownFileType = sourcecode.swift; path = Article.swift; sourceTree = "<group>"; };
		BB0D97C8228960190005BA56 /* API.swift */ = {isa = PBXFileReference; lastKnownFileType = sourcecode.swift; path = API.swift; sourceTree = "<group>"; };
		BBCC1D2722895CCC00D26CD6 /* News.app */ = {isa = PBXFileReference; explicitFileType = wrapper.application; includeInIndex = 0; path = News.app; sourceTree = BUILT_PRODUCTS_DIR; };
		BBCC1D2A22895CCC00D26CD6 /* AppDelegate.swift */ = {isa = PBXFileReference; lastKnownFileType = sourcecode.swift; path = AppDelegate.swift; sourceTree = "<group>"; };
		BBCC1D2C22895CCC00D26CD6 /* MasterViewController.swift */ = {isa = PBXFileReference; lastKnownFileType = sourcecode.swift; path = MasterViewController.swift; sourceTree = "<group>"; };
		BBCC1D2E22895CCC00D26CD6 /* DetailViewController.swift */ = {isa = PBXFileReference; lastKnownFileType = sourcecode.swift; path = DetailViewController.swift; sourceTree = "<group>"; };
		BBCC1D3122895CCC00D26CD6 /* Base */ = {isa = PBXFileReference; lastKnownFileType = file.storyboard; name = Base; path = Base.lproj/Main.storyboard; sourceTree = "<group>"; };
		BBCC1D3322895CCC00D26CD6 /* Assets.xcassets */ = {isa = PBXFileReference; lastKnownFileType = folder.assetcatalog; path = Assets.xcassets; sourceTree = "<group>"; };
		BBCC1D3622895CCC00D26CD6 /* Base */ = {isa = PBXFileReference; lastKnownFileType = file.storyboard; name = Base; path = Base.lproj/LaunchScreen.storyboard; sourceTree = "<group>"; };
		BBCC1D3822895CCC00D26CD6 /* Info.plist */ = {isa = PBXFileReference; lastKnownFileType = text.plist.xml; path = Info.plist; sourceTree = "<group>"; };
		BBCC1D3D22895CCD00D26CD6 /* NewsTests.xctest */ = {isa = PBXFileReference; explicitFileType = wrapper.cfbundle; includeInIndex = 0; path = NewsTests.xctest; sourceTree = BUILT_PRODUCTS_DIR; };
		BBCC1D4122895CCD00D26CD6 /* NewsTests.swift */ = {isa = PBXFileReference; lastKnownFileType = sourcecode.swift; path = NewsTests.swift; sourceTree = "<group>"; };
		BBCC1D4322895CCD00D26CD6 /* Info.plist */ = {isa = PBXFileReference; lastKnownFileType = text.plist.xml; path = Info.plist; sourceTree = "<group>"; };
		BBCC1D4C22895DFF00D26CD6 /* Alamofire+Helpers.swift */ = {isa = PBXFileReference; lastKnownFileType = sourcecode.swift; path = "Alamofire+Helpers.swift"; sourceTree = "<group>"; };
		E47D9B70422D86FEFE5E9090 /* Pods-News.release.xcconfig */ = {isa = PBXFileReference; includeInIndex = 1; lastKnownFileType = text.xcconfig; name = "Pods-News.release.xcconfig"; path = "Target Support Files/Pods-News/Pods-News.release.xcconfig"; sourceTree = "<group>"; };
/* End PBXFileReference section */

/* Begin PBXFrameworksBuildPhase section */
		BBCC1D2422895CCC00D26CD6 /* Frameworks */ = {
			isa = PBXFrameworksBuildPhase;
			buildActionMask = 2147483647;
			files = (
				D0F817C36AD2A21EE86F70DA /* Pods_News.framework in Frameworks */,
			);
			runOnlyForDeploymentPostprocessing = 0;
		};
		BBCC1D3A22895CCD00D26CD6 /* Frameworks */ = {
			isa = PBXFrameworksBuildPhase;
			buildActionMask = 2147483647;
			files = (
				C499CCD26B56C4183FA65E44 /* Pods_NewsTests.framework in Frameworks */,
			);
			runOnlyForDeploymentPostprocessing = 0;
		};
/* End PBXFrameworksBuildPhase section */

/* Begin PBXGroup section */
		1F1CAF51D5F86FEA63E24126 /* Frameworks */ = {
			isa = PBXGroup;
			children = (
				080683C40AD42E884C481AF8 /* Pods_News.framework */,
				1BB9B3B5DF83C7F6C1D3679E /* Pods_NewsTests.framework */,
			);
			name = Frameworks;
			sourceTree = "<group>";
		};
		9D8833388055FF20C1C60AEF /* Pods */ = {
			isa = PBXGroup;
			children = (
				A639BB4162F7FB1CBB219879 /* Pods-News.debug.xcconfig */,
				E47D9B70422D86FEFE5E9090 /* Pods-News.release.xcconfig */,
				B16FEE74355C0FD1D632465E /* Pods-NewsTests.debug.xcconfig */,
				6279408E825BE7B19E3C0ABC /* Pods-NewsTests.release.xcconfig */,
			);
			path = Pods;
			sourceTree = "<group>";
		};
		BBCC1D1E22895CCC00D26CD6 = {
			isa = PBXGroup;
			children = (
				BBCC1D2922895CCC00D26CD6 /* News */,
				BBCC1D4022895CCD00D26CD6 /* NewsTests */,
				BBCC1D2822895CCC00D26CD6 /* Products */,
				9D8833388055FF20C1C60AEF /* Pods */,
				1F1CAF51D5F86FEA63E24126 /* Frameworks */,
			);
			sourceTree = "<group>";
		};
		BBCC1D2822895CCC00D26CD6 /* Products */ = {
			isa = PBXGroup;
			children = (
				BBCC1D2722895CCC00D26CD6 /* News.app */,
				BBCC1D3D22895CCD00D26CD6 /* NewsTests.xctest */,
			);
			name = Products;
			sourceTree = "<group>";
		};
		BBCC1D2922895CCC00D26CD6 /* News */ = {
			isa = PBXGroup;
			children = (
				BBCC1D2A22895CCC00D26CD6 /* AppDelegate.swift */,
				BBCC1D2C22895CCC00D26CD6 /* MasterViewController.swift */,
				BBCC1D2E22895CCC00D26CD6 /* DetailViewController.swift */,
				BBCC1D3022895CCC00D26CD6 /* Main.storyboard */,
				BBCC1D3322895CCC00D26CD6 /* Assets.xcassets */,
				BBCC1D3522895CCC00D26CD6 /* LaunchScreen.storyboard */,
				BBCC1D3822895CCC00D26CD6 /* Info.plist */,
				BBCC1D4C22895DFF00D26CD6 /* Alamofire+Helpers.swift */,
				BB0D97C622895F1C0005BA56 /* Article.swift */,
				BB0613142289F90400F9160A /* NewsList.swift */,
				BB0D97C8228960190005BA56 /* API.swift */,
			);
			path = News;
			sourceTree = "<group>";
		};
		BBCC1D4022895CCD00D26CD6 /* NewsTests */ = {
			isa = PBXGroup;
			children = (
				BBCC1D4122895CCD00D26CD6 /* NewsTests.swift */,
				BBCC1D4322895CCD00D26CD6 /* Info.plist */,
			);
			path = NewsTests;
			sourceTree = "<group>";
		};
/* End PBXGroup section */

/* Begin PBXNativeTarget section */
		BBCC1D2622895CCC00D26CD6 /* News */ = {
			isa = PBXNativeTarget;
			buildConfigurationList = BBCC1D4622895CCD00D26CD6 /* Build configuration list for PBXNativeTarget "News" */;
			buildPhases = (
				27577539DF915BE2B22777CD /* [CP] Check Pods Manifest.lock */,
				BBCC1D2322895CCC00D26CD6 /* Sources */,
				BBCC1D2422895CCC00D26CD6 /* Frameworks */,
				BBCC1D2522895CCC00D26CD6 /* Resources */,
				BE86D2F0284743157F74488E /* [CP] Embed Pods Frameworks */,
			);
			buildRules = (
			);
			dependencies = (
			);
			name = News;
			productName = News;
			productReference = BBCC1D2722895CCC00D26CD6 /* News.app */;
			productType = "com.apple.product-type.application";
		};
		BBCC1D3C22895CCD00D26CD6 /* NewsTests */ = {
			isa = PBXNativeTarget;
			buildConfigurationList = BBCC1D4922895CCD00D26CD6 /* Build configuration list for PBXNativeTarget "NewsTests" */;
			buildPhases = (
				9D9EFDD24ED76A8A158091FD /* [CP] Check Pods Manifest.lock */,
				BBCC1D3922895CCD00D26CD6 /* Sources */,
				BBCC1D3A22895CCD00D26CD6 /* Frameworks */,
				BBCC1D3B22895CCD00D26CD6 /* Resources */,
				74903F39AF44C2123BAF9593 /* [CP] Embed Pods Frameworks */,
			);
			buildRules = (
			);
			dependencies = (
				BBCC1D3F22895CCD00D26CD6 /* PBXTargetDependency */,
			);
			name = NewsTests;
			productName = NewsTests;
			productReference = BBCC1D3D22895CCD00D26CD6 /* NewsTests.xctest */;
			productType = "com.apple.product-type.bundle.unit-test";
		};
/* End PBXNativeTarget section */

/* Begin PBXProject section */
		BBCC1D1F22895CCC00D26CD6 /* Project object */ = {
			isa = PBXProject;
			attributes = {
				LastSwiftUpdateCheck = 1020;
				LastUpgradeCheck = 1020;
				ORGANIZATIONNAME = "Alfred POULOSE THEKKAN";
				TargetAttributes = {
					BBCC1D2622895CCC00D26CD6 = {
						CreatedOnToolsVersion = 10.2.1;
					};
					BBCC1D3C22895CCD00D26CD6 = {
						CreatedOnToolsVersion = 10.2.1;
						TestTargetID = BBCC1D2622895CCC00D26CD6;
					};
				};
			};
			buildConfigurationList = BBCC1D2222895CCC00D26CD6 /* Build configuration list for PBXProject "News" */;
			compatibilityVersion = "Xcode 9.3";
			developmentRegion = en;
			hasScannedForEncodings = 0;
			knownRegions = (
				en,
				Base,
			);
			mainGroup = BBCC1D1E22895CCC00D26CD6;
			productRefGroup = BBCC1D2822895CCC00D26CD6 /* Products */;
			projectDirPath = "";
			projectRoot = "";
			targets = (
				BBCC1D2622895CCC00D26CD6 /* News */,
				BBCC1D3C22895CCD00D26CD6 /* NewsTests */,
			);
		};
/* End PBXProject section */

/* Begin PBXResourcesBuildPhase section */
		BBCC1D2522895CCC00D26CD6 /* Resources */ = {
			isa = PBXResourcesBuildPhase;
			buildActionMask = 2147483647;
			files = (
				BBCC1D3722895CCC00D26CD6 /* LaunchScreen.storyboard in Resources */,
				BBCC1D3422895CCC00D26CD6 /* Assets.xcassets in Resources */,
				BBCC1D3222895CCC00D26CD6 /* Main.storyboard in Resources */,
			);
			runOnlyForDeploymentPostprocessing = 0;
		};
		BBCC1D3B22895CCD00D26CD6 /* Resources */ = {
			isa = PBXResourcesBuildPhase;
			buildActionMask = 2147483647;
			files = (
			);
			runOnlyForDeploymentPostprocessing = 0;
		};
/* End PBXResourcesBuildPhase section */

/* Begin PBXShellScriptBuildPhase section */
		27577539DF915BE2B22777CD /* [CP] Check Pods Manifest.lock */ = {
			isa = PBXShellScriptBuildPhase;
			buildActionMask = 2147483647;
			files = (
			);
			inputFileListPaths = (
			);
			inputPaths = (
				"${PODS_PODFILE_DIR_PATH}/Podfile.lock",
				"${PODS_ROOT}/Manifest.lock",
			);
			name = "[CP] Check Pods Manifest.lock";
			outputFileListPaths = (
			);
			outputPaths = (
				"$(DERIVED_FILE_DIR)/Pods-News-checkManifestLockResult.txt",
			);
			runOnlyForDeploymentPostprocessing = 0;
			shellPath = /bin/sh;
			shellScript = "diff \"${PODS_PODFILE_DIR_PATH}/Podfile.lock\" \"${PODS_ROOT}/Manifest.lock\" > /dev/null\nif [ $? != 0 ] ; then\n    # print error to STDERR\n    echo \"error: The sandbox is not in sync with the Podfile.lock. Run 'pod install' or update your CocoaPods installation.\" >&2\n    exit 1\nfi\n# This output is used by Xcode 'outputs' to avoid re-running this script phase.\necho \"SUCCESS\" > \"${SCRIPT_OUTPUT_FILE_0}\"\n";
			showEnvVarsInLog = 0;
		};
		74903F39AF44C2123BAF9593 /* [CP] Embed Pods Frameworks */ = {
			isa = PBXShellScriptBuildPhase;
			buildActionMask = 2147483647;
			files = (
			);
			inputFileListPaths = (
			);
			inputPaths = (
				"${PODS_ROOT}/Target Support Files/Pods-NewsTests/Pods-NewsTests-frameworks.sh",
				"${BUILT_PRODUCTS_DIR}/Alamofire/Alamofire.framework",
				"${BUILT_PRODUCTS_DIR}/AlamofireNetworkActivityLogger/AlamofireNetworkActivityLogger.framework",
				"${BUILT_PRODUCTS_DIR}/PromiseKit/PromiseKit.framework",
			);
			name = "[CP] Embed Pods Frameworks";
			outputFileListPaths = (
			);
			outputPaths = (
				"${TARGET_BUILD_DIR}/${FRAMEWORKS_FOLDER_PATH}/Alamofire.framework",
				"${TARGET_BUILD_DIR}/${FRAMEWORKS_FOLDER_PATH}/AlamofireNetworkActivityLogger.framework",
				"${TARGET_BUILD_DIR}/${FRAMEWORKS_FOLDER_PATH}/PromiseKit.framework",
			);
			runOnlyForDeploymentPostprocessing = 0;
			shellPath = /bin/sh;
			shellScript = "\"${PODS_ROOT}/Target Support Files/Pods-NewsTests/Pods-NewsTests-frameworks.sh\"\n";
			showEnvVarsInLog = 0;
		};
		9D9EFDD24ED76A8A158091FD /* [CP] Check Pods Manifest.lock */ = {
			isa = PBXShellScriptBuildPhase;
			buildActionMask = 2147483647;
			files = (
			);
			inputFileListPaths = (
			);
			inputPaths = (
				"${PODS_PODFILE_DIR_PATH}/Podfile.lock",
				"${PODS_ROOT}/Manifest.lock",
			);
			name = "[CP] Check Pods Manifest.lock";
			outputFileListPaths = (
			);
			outputPaths = (
				"$(DERIVED_FILE_DIR)/Pods-NewsTests-checkManifestLockResult.txt",
			);
			runOnlyForDeploymentPostprocessing = 0;
			shellPath = /bin/sh;
			shellScript = "diff \"${PODS_PODFILE_DIR_PATH}/Podfile.lock\" \"${PODS_ROOT}/Manifest.lock\" > /dev/null\nif [ $? != 0 ] ; then\n    # print error to STDERR\n    echo \"error: The sandbox is not in sync with the Podfile.lock. Run 'pod install' or update your CocoaPods installation.\" >&2\n    exit 1\nfi\n# This output is used by Xcode 'outputs' to avoid re-running this script phase.\necho \"SUCCESS\" > \"${SCRIPT_OUTPUT_FILE_0}\"\n";
			showEnvVarsInLog = 0;
		};
		BE86D2F0284743157F74488E /* [CP] Embed Pods Frameworks */ = {
			isa = PBXShellScriptBuildPhase;
			buildActionMask = 2147483647;
			files = (
			);
			inputFileListPaths = (
			);
			inputPaths = (
				"${PODS_ROOT}/Target Support Files/Pods-News/Pods-News-frameworks.sh",
				"${BUILT_PRODUCTS_DIR}/Alamofire/Alamofire.framework",
				"${BUILT_PRODUCTS_DIR}/AlamofireNetworkActivityLogger/AlamofireNetworkActivityLogger.framework",
				"${BUILT_PRODUCTS_DIR}/PromiseKit/PromiseKit.framework",
			);
			name = "[CP] Embed Pods Frameworks";
			outputFileListPaths = (
			);
			outputPaths = (
				"${TARGET_BUILD_DIR}/${FRAMEWORKS_FOLDER_PATH}/Alamofire.framework",
				"${TARGET_BUILD_DIR}/${FRAMEWORKS_FOLDER_PATH}/AlamofireNetworkActivityLogger.framework",
				"${TARGET_BUILD_DIR}/${FRAMEWORKS_FOLDER_PATH}/PromiseKit.framework",
			);
			runOnlyForDeploymentPostprocessing = 0;
			shellPath = /bin/sh;
			shellScript = "\"${PODS_ROOT}/Target Support Files/Pods-News/Pods-News-frameworks.sh\"\n";
			showEnvVarsInLog = 0;
		};
/* End PBXShellScriptBuildPhase section */

/* Begin PBXSourcesBuildPhase section */
		BBCC1D2322895CCC00D26CD6 /* Sources */ = {
			isa = PBXSourcesBuildPhase;
			buildActionMask = 2147483647;
			files = (
				BBCC1D4D22895DFF00D26CD6 /* Alamofire+Helpers.swift in Sources */,
				BBCC1D2F22895CCC00D26CD6 /* DetailViewController.swift in Sources */,
				BB0613152289F90400F9160A /* NewsList.swift in Sources */,
				BBCC1D2D22895CCC00D26CD6 /* MasterViewController.swift in Sources */,
				BBCC1D2B22895CCC00D26CD6 /* AppDelegate.swift in Sources */,
				BB0D97C9228960190005BA56 /* API.swift in Sources */,
				BB0D97C722895F1C0005BA56 /* Article.swift in Sources */,
			);
			runOnlyForDeploymentPostprocessing = 0;
		};
		BBCC1D3922895CCD00D26CD6 /* Sources */ = {
			isa = PBXSourcesBuildPhase;
			buildActionMask = 2147483647;
			files = (
				BBCC1D4E22895E6A00D26CD6 /* Alamofire+Helpers.swift in Sources */,
				BBCC1D4222895CCD00D26CD6 /* NewsTests.swift in Sources */,
			);
			runOnlyForDeploymentPostprocessing = 0;
		};
/* End PBXSourcesBuildPhase section */

/* Begin PBXTargetDependency section */
		BBCC1D3F22895CCD00D26CD6 /* PBXTargetDependency */ = {
			isa = PBXTargetDependency;
			target = BBCC1D2622895CCC00D26CD6 /* News */;
			targetProxy = BBCC1D3E22895CCD00D26CD6 /* PBXContainerItemProxy */;
		};
/* End PBXTargetDependency section */

/* Begin PBXVariantGroup section */
		BBCC1D3022895CCC00D26CD6 /* Main.storyboard */ = {
			isa = PBXVariantGroup;
			children = (
				BBCC1D3122895CCC00D26CD6 /* Base */,
			);
			name = Main.storyboard;
			sourceTree = "<group>";
		};
		BBCC1D3522895CCC00D26CD6 /* LaunchScreen.storyboard */ = {
			isa = PBXVariantGroup;
			children = (
				BBCC1D3622895CCC00D26CD6 /* Base */,
			);
			name = LaunchScreen.storyboard;
			sourceTree = "<group>";
		};
/* End PBXVariantGroup section */

/* Begin XCBuildConfiguration section */
		BBCC1D4422895CCD00D26CD6 /* Debug */ = {
			isa = XCBuildConfiguration;
			buildSettings = {
				ALWAYS_SEARCH_USER_PATHS = NO;
				CLANG_ANALYZER_NONNULL = YES;
				CLANG_ANALYZER_NUMBER_OBJECT_CONVERSION = YES_AGGRESSIVE;
				CLANG_CXX_LANGUAGE_STANDARD = "gnu++14";
				CLANG_CXX_LIBRARY = "libc++";
				CLANG_ENABLE_MODULES = YES;
				CLANG_ENABLE_OBJC_ARC = YES;
				CLANG_ENABLE_OBJC_WEAK = YES;
				CLANG_WARN_BLOCK_CAPTURE_AUTORELEASING = YES;
				CLANG_WARN_BOOL_CONVERSION = YES;
				CLANG_WARN_COMMA = YES;
				CLANG_WARN_CONSTANT_CONVERSION = YES;
				CLANG_WARN_DEPRECATED_OBJC_IMPLEMENTATIONS = YES;
				CLANG_WARN_DIRECT_OBJC_ISA_USAGE = YES_ERROR;
				CLANG_WARN_DOCUMENTATION_COMMENTS = YES;
				CLANG_WARN_EMPTY_BODY = YES;
				CLANG_WARN_ENUM_CONVERSION = YES;
				CLANG_WARN_INFINITE_RECURSION = YES;
				CLANG_WARN_INT_CONVERSION = YES;
				CLANG_WARN_NON_LITERAL_NULL_CONVERSION = YES;
				CLANG_WARN_OBJC_IMPLICIT_RETAIN_SELF = YES;
				CLANG_WARN_OBJC_LITERAL_CONVERSION = YES;
				CLANG_WARN_OBJC_ROOT_CLASS = YES_ERROR;
				CLANG_WARN_RANGE_LOOP_ANALYSIS = YES;
				CLANG_WARN_STRICT_PROTOTYPES = YES;
				CLANG_WARN_SUSPICIOUS_MOVE = YES;
				CLANG_WARN_UNGUARDED_AVAILABILITY = YES_AGGRESSIVE;
				CLANG_WARN_UNREACHABLE_CODE = YES;
				CLANG_WARN__DUPLICATE_METHOD_MATCH = YES;
				CODE_SIGN_IDENTITY = "iPhone Developer";
				COPY_PHASE_STRIP = NO;
				DEBUG_INFORMATION_FORMAT = dwarf;
				ENABLE_STRICT_OBJC_MSGSEND = YES;
				ENABLE_TESTABILITY = YES;
				GCC_C_LANGUAGE_STANDARD = gnu11;
				GCC_DYNAMIC_NO_PIC = NO;
				GCC_NO_COMMON_BLOCKS = YES;
				GCC_OPTIMIZATION_LEVEL = 0;
				GCC_PREPROCESSOR_DEFINITIONS = (
					"DEBUG=1",
					"$(inherited)",
				);
				GCC_WARN_64_TO_32_BIT_CONVERSION = YES;
				GCC_WARN_ABOUT_RETURN_TYPE = YES_ERROR;
				GCC_WARN_UNDECLARED_SELECTOR = YES;
				GCC_WARN_UNINITIALIZED_AUTOS = YES_AGGRESSIVE;
				GCC_WARN_UNUSED_FUNCTION = YES;
				GCC_WARN_UNUSED_VARIABLE = YES;
				IPHONEOS_DEPLOYMENT_TARGET = 12.2;
				MTL_ENABLE_DEBUG_INFO = INCLUDE_SOURCE;
				MTL_FAST_MATH = YES;
				ONLY_ACTIVE_ARCH = YES;
				SDKROOT = iphoneos;
				SWIFT_ACTIVE_COMPILATION_CONDITIONS = DEBUG;
				SWIFT_OPTIMIZATION_LEVEL = "-Onone";
			};
			name = Debug;
		};
		BBCC1D4522895CCD00D26CD6 /* Release */ = {
			isa = XCBuildConfiguration;
			buildSettings = {
				ALWAYS_SEARCH_USER_PATHS = NO;
				CLANG_ANALYZER_NONNULL = YES;
				CLANG_ANALYZER_NUMBER_OBJECT_CONVERSION = YES_AGGRESSIVE;
				CLANG_CXX_LANGUAGE_STANDARD = "gnu++14";
				CLANG_CXX_LIBRARY = "libc++";
				CLANG_ENABLE_MODULES = YES;
				CLANG_ENABLE_OBJC_ARC = YES;
				CLANG_ENABLE_OBJC_WEAK = YES;
				CLANG_WARN_BLOCK_CAPTURE_AUTORELEASING = YES;
				CLANG_WARN_BOOL_CONVERSION = YES;
				CLANG_WARN_COMMA = YES;
				CLANG_WARN_CONSTANT_CONVERSION = YES;
				CLANG_WARN_DEPRECATED_OBJC_IMPLEMENTATIONS = YES;
				CLANG_WARN_DIRECT_OBJC_ISA_USAGE = YES_ERROR;
				CLANG_WARN_DOCUMENTATION_COMMENTS = YES;
				CLANG_WARN_EMPTY_BODY = YES;
				CLANG_WARN_ENUM_CONVERSION = YES;
				CLANG_WARN_INFINITE_RECURSION = YES;
				CLANG_WARN_INT_CONVERSION = YES;
				CLANG_WARN_NON_LITERAL_NULL_CONVERSION = YES;
				CLANG_WARN_OBJC_IMPLICIT_RETAIN_SELF = YES;
				CLANG_WARN_OBJC_LITERAL_CONVERSION = YES;
				CLANG_WARN_OBJC_ROOT_CLASS = YES_ERROR;
				CLANG_WARN_RANGE_LOOP_ANALYSIS = YES;
				CLANG_WARN_STRICT_PROTOTYPES = YES;
				CLANG_WARN_SUSPICIOUS_MOVE = YES;
				CLANG_WARN_UNGUARDED_AVAILABILITY = YES_AGGRESSIVE;
				CLANG_WARN_UNREACHABLE_CODE = YES;
				CLANG_WARN__DUPLICATE_METHOD_MATCH = YES;
				CODE_SIGN_IDENTITY = "iPhone Developer";
				COPY_PHASE_STRIP = NO;
				DEBUG_INFORMATION_FORMAT = "dwarf-with-dsym";
				ENABLE_NS_ASSERTIONS = NO;
				ENABLE_STRICT_OBJC_MSGSEND = YES;
				GCC_C_LANGUAGE_STANDARD = gnu11;
				GCC_NO_COMMON_BLOCKS = YES;
				GCC_WARN_64_TO_32_BIT_CONVERSION = YES;
				GCC_WARN_ABOUT_RETURN_TYPE = YES_ERROR;
				GCC_WARN_UNDECLARED_SELECTOR = YES;
				GCC_WARN_UNINITIALIZED_AUTOS = YES_AGGRESSIVE;
				GCC_WARN_UNUSED_FUNCTION = YES;
				GCC_WARN_UNUSED_VARIABLE = YES;
				IPHONEOS_DEPLOYMENT_TARGET = 12.2;
				MTL_ENABLE_DEBUG_INFO = NO;
				MTL_FAST_MATH = YES;
				SDKROOT = iphoneos;
				SWIFT_COMPILATION_MODE = wholemodule;
				SWIFT_OPTIMIZATION_LEVEL = "-O";
				VALIDATE_PRODUCT = YES;
			};
			name = Release;
		};
		BBCC1D4722895CCD00D26CD6 /* Debug */ = {
			isa = XCBuildConfiguration;
			baseConfigurationReference = A639BB4162F7FB1CBB219879 /* Pods-News.debug.xcconfig */;
			buildSettings = {
				ASSETCATALOG_COMPILER_APPICON_NAME = AppIcon;
				CODE_SIGN_STYLE = Automatic;
				INFOPLIST_FILE = News/Info.plist;
				LD_RUNPATH_SEARCH_PATHS = (
					"$(inherited)",
					"@executable_path/Frameworks",
				);
				PRODUCT_BUNDLE_IDENTIFIER = com.alfred.News;
				PRODUCT_NAME = "$(TARGET_NAME)";
				SWIFT_VERSION = 5.0;
				TARGETED_DEVICE_FAMILY = "1,2";
			};
			name = Debug;
		};
		BBCC1D4822895CCD00D26CD6 /* Release */ = {
			isa = XCBuildConfiguration;
			baseConfigurationReference = E47D9B70422D86FEFE5E9090 /* Pods-News.release.xcconfig */;
			buildSettings = {
				ASSETCATALOG_COMPILER_APPICON_NAME = AppIcon;
				CODE_SIGN_STYLE = Automatic;
				INFOPLIST_FILE = News/Info.plist;
				LD_RUNPATH_SEARCH_PATHS = (
					"$(inherited)",
					"@executable_path/Frameworks",
				);
				PRODUCT_BUNDLE_IDENTIFIER = com.alfred.News;
				PRODUCT_NAME = "$(TARGET_NAME)";
				SWIFT_VERSION = 5.0;
				TARGETED_DEVICE_FAMILY = "1,2";
			};
			name = Release;
		};
		BBCC1D4A22895CCD00D26CD6 /* Debug */ = {
			isa = XCBuildConfiguration;
			baseConfigurationReference = B16FEE74355C0FD1D632465E /* Pods-NewsTests.debug.xcconfig */;
			buildSettings = {
				ALWAYS_EMBED_SWIFT_STANDARD_LIBRARIES = YES;
				BUNDLE_LOADER = "$(TEST_HOST)";
				CODE_SIGN_STYLE = Automatic;
				INFOPLIST_FILE = NewsTests/Info.plist;
				LD_RUNPATH_SEARCH_PATHS = (
					"$(inherited)",
					"@executable_path/Frameworks",
					"@loader_path/Frameworks",
				);
				PRODUCT_BUNDLE_IDENTIFIER = com.alfred.NewsTests;
				PRODUCT_NAME = "$(TARGET_NAME)";
				SWIFT_VERSION = 5.0;
				TARGETED_DEVICE_FAMILY = "1,2";
				TEST_HOST = "$(BUILT_PRODUCTS_DIR)/News.app/News";
			};
			name = Debug;
		};
		BBCC1D4B22895CCD00D26CD6 /* Release */ = {
			isa = XCBuildConfiguration;
			baseConfigurationReference = 6279408E825BE7B19E3C0ABC /* Pods-NewsTests.release.xcconfig */;
			buildSettings = {
				ALWAYS_EMBED_SWIFT_STANDARD_LIBRARIES = YES;
				BUNDLE_LOADER = "$(TEST_HOST)";
				CODE_SIGN_STYLE = Automatic;
				INFOPLIST_FILE = NewsTests/Info.plist;
				LD_RUNPATH_SEARCH_PATHS = (
					"$(inherited)",
					"@executable_path/Frameworks",
					"@loader_path/Frameworks",
				);
				PRODUCT_BUNDLE_IDENTIFIER = com.alfred.NewsTests;
				PRODUCT_NAME = "$(TARGET_NAME)";
				SWIFT_VERSION = 5.0;
				TARGETED_DEVICE_FAMILY = "1,2";
				TEST_HOST = "$(BUILT_PRODUCTS_DIR)/News.app/News";
			};
			name = Release;
		};
/* End XCBuildConfiguration section */

/* Begin XCConfigurationList section */
		BBCC1D2222895CCC00D26CD6 /* Build configuration list for PBXProject "News" */ = {
			isa = XCConfigurationList;
			buildConfigurations = (
				BBCC1D4422895CCD00D26CD6 /* Debug */,
				BBCC1D4522895CCD00D26CD6 /* Release */,
			);
			defaultConfigurationIsVisible = 0;
			defaultConfigurationName = Release;
		};
		BBCC1D4622895CCD00D26CD6 /* Build configuration list for PBXNativeTarget "News" */ = {
			isa = XCConfigurationList;
			buildConfigurations = (
				BBCC1D4722895CCD00D26CD6 /* Debug */,
				BBCC1D4822895CCD00D26CD6 /* Release */,
			);
			defaultConfigurationIsVisible = 0;
			defaultConfigurationName = Release;
		};
		BBCC1D4922895CCD00D26CD6 /* Build configuration list for PBXNativeTarget "NewsTests" */ = {
			isa = XCConfigurationList;
			buildConfigurations = (
				BBCC1D4A22895CCD00D26CD6 /* Debug */,
				BBCC1D4B22895CCD00D26CD6 /* Release */,
			);
			defaultConfigurationIsVisible = 0;
			defaultConfigurationName = Release;
		};
/* End XCConfigurationList section */
	};
	rootObject = BBCC1D1F22895CCC00D26CD6 /* Project object */;
}
